// !$*UTF8*$!
{
	archiveVersion = 1;
	classes = {
	};
	objectVersion = 50;
	objects = {

/* Begin PBXBuildFile section */
		E612D71725104F6E00D9F308 /* AppDelegate.swift in Sources */ = {isa = PBXBuildFile; fileRef = E612D71625104F6E00D9F308 /* AppDelegate.swift */; };
		E612D71925104F6E00D9F308 /* SceneDelegate.swift in Sources */ = {isa = PBXBuildFile; fileRef = E612D71825104F6E00D9F308 /* SceneDelegate.swift */; };
		E612D71B25104F6E00D9F308 /* ContentView.swift in Sources */ = {isa = PBXBuildFile; fileRef = E612D71A25104F6E00D9F308 /* ContentView.swift */; };
		E612D71D25104F7200D9F308 /* Assets.xcassets in Resources */ = {isa = PBXBuildFile; fileRef = E612D71C25104F7200D9F308 /* Assets.xcassets */; };
		E612D72025104F7200D9F308 /* Preview Assets.xcassets in Resources */ = {isa = PBXBuildFile; fileRef = E612D71F25104F7200D9F308 /* Preview Assets.xcassets */; };
		E612D72325104F7200D9F308 /* LaunchScreen.storyboard in Resources */ = {isa = PBXBuildFile; fileRef = E612D72125104F7200D9F308 /* LaunchScreen.storyboard */; };
/* End PBXBuildFile section */

/* Begin PBXFileReference section */
		E612D71325104F6E00D9F308 /* Poyecto_MatesCompus.app */ = {isa = PBXFileReference; explicitFileType = wrapper.application; includeInIndex = 0; path = Poyecto_MatesCompus.app; sourceTree = BUILT_PRODUCTS_DIR; };
		E612D71625104F6E00D9F308 /* AppDelegate.swift */ = {isa = PBXFileReference; lastKnownFileType = sourcecode.swift; path = AppDelegate.swift; sourceTree = "<group>"; };
		E612D71825104F6E00D9F308 /* SceneDelegate.swift */ = {isa = PBXFileReference; lastKnownFileType = sourcecode.swift; path = SceneDelegate.swift; sourceTree = "<group>"; };
		E612D71A25104F6E00D9F308 /* ContentView.swift */ = {isa = PBXFileReference; lastKnownFileType = sourcecode.swift; path = ContentView.swift; sourceTree = "<group>"; };
		E612D71C25104F7200D9F308 /* Assets.xcassets */ = {isa = PBXFileReference; lastKnownFileType = folder.assetcatalog; path = Assets.xcassets; sourceTree = "<group>"; };
		E612D71F25104F7200D9F308 /* Preview Assets.xcassets */ = {isa = PBXFileReference; lastKnownFileType = folder.assetcatalog; path = "Preview Assets.xcassets"; sourceTree = "<group>"; };
		E612D72225104F7200D9F308 /* Base */ = {isa = PBXFileReference; lastKnownFileType = file.storyboard; name = Base; path = Base.lproj/LaunchScreen.storyboard; sourceTree = "<group>"; };
		E612D72425104F7200D9F308 /* Info.plist */ = {isa = PBXFileReference; lastKnownFileType = text.plist.xml; path = Info.plist; sourceTree = "<group>"; };
/* End PBXFileReference section */

/* Begin PBXFrameworksBuildPhase section */
		E612D71025104F6E00D9F308 /* Frameworks */ = {
			isa = PBXFrameworksBuildPhase;
			buildActionMask = 2147483647;
			files = (
			);
			runOnlyForDeploymentPostprocessing = 0;
		};
/* End PBXFrameworksBuildPhase section */

/* Begin PBXGroup section */
		E612D70A25104F6E00D9F308 = {
			isa = PBXGroup;
			children = (
				E612D71525104F6E00D9F308 /* Poyecto_MatesCompus */,
				E612D71425104F6E00D9F308 /* Products */,
			);
			sourceTree = "<group>";
		};
		E612D71425104F6E00D9F308 /* Products */ = {
			isa = PBXGroup;
			children = (
				E612D71325104F6E00D9F308 /* Poyecto_MatesCompus.app */,
			);
			name = Products;
			sourceTree = "<group>";
		};
		E612D71525104F6E00D9F308 /* Poyecto_MatesCompus */ = {
			isa = PBXGroup;
			children = (
				E612D71625104F6E00D9F308 /* AppDelegate.swift */,
				E612D71825104F6E00D9F308 /* SceneDelegate.swift */,
				E612D71A25104F6E00D9F308 /* ContentView.swift */,
				E612D71C25104F7200D9F308 /* Assets.xcassets */,
				E612D72125104F7200D9F308 /* LaunchScreen.storyboard */,
				E612D72425104F7200D9F308 /* Info.plist */,
				E612D71E25104F7200D9F308 /* Preview Content */,
			);
			path = Poyecto_MatesCompus;
			sourceTree = "<group>";
		};
		E612D71E25104F7200D9F308 /* Preview Content */ = {
			isa = PBXGroup;
			children = (
				E612D71F25104F7200D9F308 /* Preview Assets.xcassets */,
			);
			path = "Preview Content";
			sourceTree = "<group>";
		};
/* End PBXGroup section */

/* Begin PBXNativeTarget section */
		E612D71225104F6E00D9F308 /* Poyecto_MatesCompus */ = {
			isa = PBXNativeTarget;
			buildConfigurationList = E612D72725104F7200D9F308 /* Build configuration list for PBXNativeTarget "Poyecto_MatesCompus" */;
			buildPhases = (
				E612D70F25104F6E00D9F308 /* Sources */,
				E612D71025104F6E00D9F308 /* Frameworks */,
				E612D71125104F6E00D9F308 /* Resources */,
			);
			buildRules = (
			);
			dependencies = (
			);
			name = Poyecto_MatesCompus;
			productName = Poyecto_MatesCompus;
			productReference = E612D71325104F6E00D9F308 /* Poyecto_MatesCompus.app */;
			productType = "com.apple.product-type.application";
		};
/* End PBXNativeTarget section */

/* Begin PBXProject section */
		E612D70B25104F6E00D9F308 /* Project object */ = {
			isa = PBXProject;
			attributes = {
				LastSwiftUpdateCheck = 1150;
				LastUpgradeCheck = 1150;
				ORGANIZATIONNAME = "Santiago Yeomans";
				TargetAttributes = {
					E612D71225104F6E00D9F308 = {
						CreatedOnToolsVersion = 11.5;
					};
				};
			};
			buildConfigurationList = E612D70E25104F6E00D9F308 /* Build configuration list for PBXProject "Poyecto_MatesCompus" */;
			compatibilityVersion = "Xcode 9.3";
			developmentRegion = en;
			hasScannedForEncodings = 0;
			knownRegions = (
				en,
				Base,
			);
			mainGroup = E612D70A25104F6E00D9F308;
			productRefGroup = E612D71425104F6E00D9F308 /* Products */;
			projectDirPath = "";
			projectRoot = "";
			targets = (
				E612D71225104F6E00D9F308 /* Poyecto_MatesCompus */,
			);
		};
/* End PBXProject section */

/* Begin PBXResourcesBuildPhase section */
		E612D71125104F6E00D9F308 /* Resources */ = {
			isa = PBXResourcesBuildPhase;
			buildActionMask = 2147483647;
			files = (
				E612D72325104F7200D9F308 /* LaunchScreen.storyboard in Resources */,
				E612D72025104F7200D9F308 /* Preview Assets.xcassets in Resources */,
				E612D71D25104F7200D9F308 /* Assets.xcassets in Resources */,
			);
			runOnlyForDeploymentPostprocessing = 0;
		};
/* End PBXResourcesBuildPhase section */

/* Begin PBXSourcesBuildPhase section */
		E612D70F25104F6E00D9F308 /* Sources */ = {
			isa = PBXSourcesBuildPhase;
			buildActionMask = 2147483647;
			files = (
				E612D71725104F6E00D9F308 /* AppDelegate.swift in Sources */,
				E612D71925104F6E00D9F308 /* SceneDelegate.swift in Sources */,
				E612D71B25104F6E00D9F308 /* ContentView.swift in Sources */,
			);
			runOnlyForDeploymentPostprocessing = 0;
		};
/* End PBXSourcesBuildPhase section */

/* Begin PBXVariantGroup section */
		E612D72125104F7200D9F308 /* LaunchScreen.storyboard */ = {
			isa = PBXVariantGroup;
			children = (
				E612D72225104F7200D9F308 /* Base */,
			);
			name = LaunchScreen.storyboard;
			sourceTree = "<group>";
		};
/* End PBXVariantGroup section */

/* Begin XCBuildConfiguration section */
		E612D72525104F7200D9F308 /* Debug */ = {
			isa = XCBuildConfiguration;
			buildSettings = {
				ALWAYS_SEARCH_USER_PATHS = NO;
				CLANG_ANALYZER_NONNULL = YES;
				CLANG_ANALYZER_NUMBER_OBJECT_CONVERSION = YES_AGGRESSIVE;
				CLANG_CXX_LANGUAGE_STANDARD = "gnu++14";
				CLANG_CXX_LIBRARY = "libc++";
				CLANG_ENABLE_MODULES = YES;
				CLANG_ENABLE_OBJC_ARC = YES;
				CLANG_ENABLE_OBJC_WEAK = YES;
				CLANG_WARN_BLOCK_CAPTURE_AUTORELEASING = YES;
				CLANG_WARN_BOOL_CONVERSION = YES;
				CLANG_WARN_COMMA = YES;
				CLANG_WARN_CONSTANT_CONVERSION = YES;
				CLANG_WARN_DEPRECATED_OBJC_IMPLEMENTATIONS = YES;
				CLANG_WARN_DIRECT_OBJC_ISA_USAGE = YES_ERROR;
				CLANG_WARN_DOCUMENTATION_COMMENTS = YES;
				CLANG_WARN_EMPTY_BODY = YES;
				CLANG_WARN_ENUM_CONVERSION = YES;
				CLANG_WARN_INFINITE_RECURSION = YES;
				CLANG_WARN_INT_CONVERSION = YES;
				CLANG_WARN_NON_LITERAL_NULL_CONVERSION = YES;
				CLANG_WARN_OBJC_IMPLICIT_RETAIN_SELF = YES;
				CLANG_WARN_OBJC_LITERAL_CONVERSION = YES;
				CLANG_WARN_OBJC_ROOT_CLASS = YES_ERROR;
				CLANG_WARN_RANGE_LOOP_ANALYSIS = YES;
				CLANG_WARN_STRICT_PROTOTYPES = YES;
				CLANG_WARN_SUSPICIOUS_MOVE = YES;
				CLANG_WARN_UNGUARDED_AVAILABILITY = YES_AGGRESSIVE;
				CLANG_WARN_UNREACHABLE_CODE = YES;
				CLANG_WARN__DUPLICATE_METHOD_MATCH = YES;
				COPY_PHASE_STRIP = NO;
				DEBUG_INFORMATION_FORMAT = dwarf;
				ENABLE_STRICT_OBJC_MSGSEND = YES;
				ENABLE_TESTABILITY = YES;
				GCC_C_LANGUAGE_STANDARD = gnu11;
				GCC_DYNAMIC_NO_PIC = NO;
				GCC_NO_COMMON_BLOCKS = YES;
				GCC_OPTIMIZATION_LEVEL = 0;
				GCC_PREPROCESSOR_DEFINITIONS = (
					"DEBUG=1",
					"$(inherited)",
				);
				GCC_WARN_64_TO_32_BIT_CONVERSION = YES;
				GCC_WARN_ABOUT_RETURN_TYPE = YES_ERROR;
				GCC_WARN_UNDECLARED_SELECTOR = YES;
				GCC_WARN_UNINITIALIZED_AUTOS = YES_AGGRESSIVE;
				GCC_WARN_UNUSED_FUNCTION = YES;
				GCC_WARN_UNUSED_VARIABLE = YES;
				IPHONEOS_DEPLOYMENT_TARGET = 13.5;
				MTL_ENABLE_DEBUG_INFO = INCLUDE_SOURCE;
				MTL_FAST_MATH = YES;
				ONLY_ACTIVE_ARCH = YES;
				SDKROOT = iphoneos;
				SWIFT_ACTIVE_COMPILATION_CONDITIONS = DEBUG;
				SWIFT_OPTIMIZATION_LEVEL = "-Onone";
			};
			name = Debug;
		};
		E612D72625104F7200D9F308 /* Release */ = {
			isa = XCBuildConfiguration;
			buildSettings = {
				ALWAYS_SEARCH_USER_PATHS = NO;
				CLANG_ANALYZER_NONNULL = YES;
				CLANG_ANALYZER_NUMBER_OBJECT_CONVERSION = YES_AGGRESSIVE;
				CLANG_CXX_LANGUAGE_STANDARD = "gnu++14";
				CLANG_CXX_LIBRARY = "libc++";
				CLANG_ENABLE_MODULES = YES;
				CLANG_ENABLE_OBJC_ARC = YES;
				CLANG_ENABLE_OBJC_WEAK = YES;
				CLANG_WARN_BLOCK_CAPTURE_AUTORELEASING = YES;
				CLANG_WARN_BOOL_CONVERSION = YES;
				CLANG_WARN_COMMA = YES;
				CLANG_WARN_CONSTANT_CONVERSION = YES;
				CLANG_WARN_DEPRECATED_OBJC_IMPLEMENTATIONS = YES;
				CLANG_WARN_DIRECT_OBJC_ISA_USAGE = YES_ERROR;
				CLANG_WARN_DOCUMENTATION_COMMENTS = YES;
				CLANG_WARN_EMPTY_BODY = YES;
				CLANG_WARN_ENUM_CONVERSION = YES;
				CLANG_WARN_INFINITE_RECURSION = YES;
				CLANG_WARN_INT_CONVERSION = YES;
				CLANG_WARN_NON_LITERAL_NULL_CONVERSION = YES;
				CLANG_WARN_OBJC_IMPLICIT_RETAIN_SELF = YES;
				CLANG_WARN_OBJC_LITERAL_CONVERSION = YES;
				CLANG_WARN_OBJC_ROOT_CLASS = YES_ERROR;
				CLANG_WARN_RANGE_LOOP_ANALYSIS = YES;
				CLANG_WARN_STRICT_PROTOTYPES = YES;
				CLANG_WARN_SUSPICIOUS_MOVE = YES;
				CLANG_WARN_UNGUARDED_AVAILABILITY = YES_AGGRESSIVE;
				CLANG_WARN_UNREACHABLE_CODE = YES;
				CLANG_WARN__DUPLICATE_METHOD_MATCH = YES;
				COPY_PHASE_STRIP = NO;
				DEBUG_INFORMATION_FORMAT = "dwarf-with-dsym";
				ENABLE_NS_ASSERTIONS = NO;
				ENABLE_STRICT_OBJC_MSGSEND = YES;
				GCC_C_LANGUAGE_STANDARD = gnu11;
				GCC_NO_COMMON_BLOCKS = YES;
				GCC_WARN_64_TO_32_BIT_CONVERSION = YES;
				GCC_WARN_ABOUT_RETURN_TYPE = YES_ERROR;
				GCC_WARN_UNDECLARED_SELECTOR = YES;
				GCC_WARN_UNINITIALIZED_AUTOS = YES_AGGRESSIVE;
				GCC_WARN_UNUSED_FUNCTION = YES;
				GCC_WARN_UNUSED_VARIABLE = YES;
				IPHONEOS_DEPLOYMENT_TARGET = 13.5;
				MTL_ENABLE_DEBUG_INFO = NO;
				MTL_FAST_MATH = YES;
				SDKROOT = iphoneos;
				SWIFT_COMPILATION_MODE = wholemodule;
				SWIFT_OPTIMIZATION_LEVEL = "-O";
				VALIDATE_PRODUCT = YES;
			};
			name = Release;
		};
		E612D72825104F7200D9F308 /* Debug */ = {
			isa = XCBuildConfiguration;
			buildSettings = {
				ASSETCATALOG_COMPILER_APPICON_NAME = AppIcon;
				CODE_SIGN_STYLE = Automatic;
				DEVELOPMENT_ASSET_PATHS = "\"Poyecto_MatesCompus/Preview Content\"";
				DEVELOPMENT_TEAM = ZNB3TG4R9B;
				ENABLE_PREVIEWS = YES;
				INFOPLIST_FILE = Poyecto_MatesCompus/Info.plist;
				LD_RUNPATH_SEARCH_PATHS = (
					"$(inherited)",
					"@executable_path/Frameworks",
				);
				PRODUCT_BUNDLE_IDENTIFIER = "Santiago-Yeomans.Poyecto-MatesCompus";
				PRODUCT_NAME = "$(TARGET_NAME)";
				SWIFT_VERSION = 5.0;
				TARGETED_DEVICE_FAMILY = "1,2";
			};
			name = Debug;
		};
		E612D72925104F7200D9F308 /* Release */ = {
			isa = XCBuildConfiguration;
			buildSettings = {
				ASSETCATALOG_COMPILER_APPICON_NAME = AppIcon;
				CODE_SIGN_STYLE = Automatic;
				DEVELOPMENT_ASSET_PATHS = "\"Poyecto_MatesCompus/Preview Content\"";
				DEVELOPMENT_TEAM = ZNB3TG4R9B;
				ENABLE_PREVIEWS = YES;
				INFOPLIST_FILE = Poyecto_MatesCompus/Info.plist;
				LD_RUNPATH_SEARCH_PATHS = (
					"$(inherited)",
					"@executable_path/Frameworks",
				);
				PRODUCT_BUNDLE_IDENTIFIER = "Santiago-Yeomans.Poyecto-MatesCompus";
				PRODUCT_NAME = "$(TARGET_NAME)";
				SWIFT_VERSION = 5.0;
				TARGETED_DEVICE_FAMILY = "1,2";
			};
			name = Release;
		};
/* End XCBuildConfiguration section */

/* Begin XCConfigurationList section */
		E612D70E25104F6E00D9F308 /* Build configuration list for PBXProject "Poyecto_MatesCompus" */ = {
			isa = XCConfigurationList;
			buildConfigurations = (
				E612D72525104F7200D9F308 /* Debug */,
				E612D72625104F7200D9F308 /* Release */,
			);
			defaultConfigurationIsVisible = 0;
			defaultConfigurationName = Release;
		};
		E612D72725104F7200D9F308 /* Build configuration list for PBXNativeTarget "Poyecto_MatesCompus" */ = {
			isa = XCConfigurationList;
			buildConfigurations = (
				E612D72825104F7200D9F308 /* Debug */,
				E612D72925104F7200D9F308 /* Release */,
			);
			defaultConfigurationIsVisible = 0;
			defaultConfigurationName = Release;
		};
/* End XCConfigurationList section */
	};
	rootObject = E612D70B25104F6E00D9F308 /* Project object */;
}
